
Microsoft Visual Studio Solution File, Format Version 12.00
# Visual Studio Version 16
VisualStudioVersion = 16.0.28922.388
MinimumVisualStudioVersion = 10.0.40219.1
Project("{FAE04EC0-301F-11D3-BF4B-00C04F79EFBC}") = "ConsoleApp.net46", "ConsoleApp\ConsoleApp.net46.csproj", "{093A20BC-DE13-41E0-8E7F-7ADBD2706CEF}"
EndProject
Project("{9A19103F-16F7-4668-BE54-9A1E7A4F7556}") = "LightData.CMS.Modules", "LightData.CMS.Modules\LightData.CMS.Modules.csproj", "{E998478A-FA99-4768-8CE4-0314520DC78D}"
EndProject
Project("{9A19103F-16F7-4668-BE54-9A1E7A4F7556}") = "ConsoleApp.Core", "ConsoleApp.Core\ConsoleApp.Core.csproj", "{9DDA9F6F-9435-4E13-9022-6EAC08CC3646}"
EndProject
Project("{9A19103F-16F7-4668-BE54-9A1E7A4F7556}") = "EntityWorker.Core", "..\EntityWorker.Core\EntityWorker.Core.csproj", "{9EC3779E-507C-4158-BE2C-C284CCD0B650}"
EndProject
Global
	GlobalSection(SolutionConfigurationPlatforms) = preSolution
		Debug|Any CPU = Debug|Any CPU
		Debug|x64 = Debug|x64
		Debug|x86 = Debug|x86
		Release|Any CPU = Release|Any CPU
		Release|x64 = Release|x64
		Release|x86 = Release|x86
	EndGlobalSection
	GlobalSection(ProjectConfigurationPlatforms) = postSolution
		{093A20BC-DE13-41E0-8E7F-7ADBD2706CEF}.Debug|Any CPU.ActiveCfg = Debug|Any CPU
		{093A20BC-DE13-41E0-8E7F-7ADBD2706CEF}.Debug|Any CPU.Build.0 = Debug|Any CPU
		{093A20BC-DE13-41E0-8E7F-7ADBD2706CEF}.Debug|x64.ActiveCfg = Debug|x64
		{093A20BC-DE13-41E0-8E7F-7ADBD2706CEF}.Debug|x64.Build.0 = Debug|x64
		{093A20BC-DE13-41E0-8E7F-7ADBD2706CEF}.Debug|x86.ActiveCfg = Debug|x86
		{093A20BC-DE13-41E0-8E7F-7ADBD2706CEF}.Debug|x86.Build.0 = Debug|x86
		{093A20BC-DE13-41E0-8E7F-7ADBD2706CEF}.Release|Any CPU.ActiveCfg = Release|Any CPU
		{093A20BC-DE13-41E0-8E7F-7ADBD2706CEF}.Release|Any CPU.Build.0 = Release|Any CPU
		{093A20BC-DE13-41E0-8E7F-7ADBD2706CEF}.Release|x64.ActiveCfg = Release|Any CPU
		{093A20BC-DE13-41E0-8E7F-7ADBD2706CEF}.Release|x64.Build.0 = Release|Any CPU
		{093A20BC-DE13-41E0-8E7F-7ADBD2706CEF}.Release|x86.ActiveCfg = Release|x86
		{093A20BC-DE13-41E0-8E7F-7ADBD2706CEF}.Release|x86.Build.0 = Release|x86
		{E998478A-FA99-4768-8CE4-0314520DC78D}.Debug|Any CPU.ActiveCfg = Debug|Any CPU
		{E998478A-FA99-4768-8CE4-0314520DC78D}.Debug|Any CPU.Build.0 = Debug|Any CPU
		{E998478A-FA99-4768-8CE4-0314520DC78D}.Debug|x64.ActiveCfg = Debug|x64
		{E998478A-FA99-4768-8CE4-0314520DC78D}.Debug|x64.Build.0 = Debug|x64
		{E998478A-FA99-4768-8CE4-0314520DC78D}.Debug|x86.ActiveCfg = Debug|x86
		{E998478A-FA99-4768-8CE4-0314520DC78D}.Debug|x86.Build.0 = Debug|x86
		{E998478A-FA99-4768-8CE4-0314520DC78D}.Release|Any CPU.ActiveCfg = Release|Any CPU
		{E998478A-FA99-4768-8CE4-0314520DC78D}.Release|Any CPU.Build.0 = Release|Any CPU
		{E998478A-FA99-4768-8CE4-0314520DC78D}.Release|x64.ActiveCfg = Release|x64
		{E998478A-FA99-4768-8CE4-0314520DC78D}.Release|x64.Build.0 = Release|x64
		{E998478A-FA99-4768-8CE4-0314520DC78D}.Release|x86.ActiveCfg = Release|x86
		{E998478A-FA99-4768-8CE4-0314520DC78D}.Release|x86.Build.0 = Release|x86
		{9DDA9F6F-9435-4E13-9022-6EAC08CC3646}.Debug|Any CPU.ActiveCfg = Debug|Any CPU
		{9DDA9F6F-9435-4E13-9022-6EAC08CC3646}.Debug|Any CPU.Build.0 = Debug|Any CPU
		{9DDA9F6F-9435-4E13-9022-6EAC08CC3646}.Debug|x64.ActiveCfg = Debug|Any CPU
		{9DDA9F6F-9435-4E13-9022-6EAC08CC3646}.Debug|x64.Build.0 = Debug|Any CPU
		{9DDA9F6F-9435-4E13-9022-6EAC08CC3646}.Debug|x86.ActiveCfg = Debug|Any CPU
		{9DDA9F6F-9435-4E13-9022-6EAC08CC3646}.Debug|x86.Build.0 = Debug|Any CPU
		{9DDA9F6F-9435-4E13-9022-6EAC08CC3646}.Release|Any CPU.ActiveCfg = Release|Any CPU
		{9DDA9F6F-9435-4E13-9022-6EAC08CC3646}.Release|Any CPU.Build.0 = Release|Any CPU
		{9DDA9F6F-9435-4E13-9022-6EAC08CC3646}.Release|x64.ActiveCfg = Release|Any CPU
		{9DDA9F6F-9435-4E13-9022-6EAC08CC3646}.Release|x64.Build.0 = Release|Any CPU
		{9DDA9F6F-9435-4E13-9022-6EAC08CC3646}.Release|x86.ActiveCfg = Release|Any CPU
		{9DDA9F6F-9435-4E13-9022-6EAC08CC3646}.Release|x86.Build.0 = Release|Any CPU
		{9EC3779E-507C-4158-BE2C-C284CCD0B650}.Debug|Any CPU.ActiveCfg = Debug|Any CPU
		{9EC3779E-507C-4158-BE2C-C284CCD0B650}.Debug|Any CPU.Build.0 = Debug|Any CPU
		{9EC3779E-507C-4158-BE2C-C284CCD0B650}.Debug|x64.ActiveCfg = Debug|Any CPU
		{9EC3779E-507C-4158-BE2C-C284CCD0B650}.Debug|x64.Build.0 = Debug|Any CPU
		{9EC3779E-507C-4158-BE2C-C284CCD0B650}.Debug|x86.ActiveCfg = Debug|Any CPU
		{9EC3779E-507C-4158-BE2C-C284CCD0B650}.Debug|x86.Build.0 = Debug|Any CPU
		{9EC3779E-507C-4158-BE2C-C284CCD0B650}.Release|Any CPU.ActiveCfg = Release|Any CPU
		{9EC3779E-507C-4158-BE2C-C284CCD0B650}.Release|Any CPU.Build.0 = Release|Any CPU
		{9EC3779E-507C-4158-BE2C-C284CCD0B650}.Release|x64.ActiveCfg = Release|Any CPU
		{9EC3779E-507C-4158-BE2C-C284CCD0B650}.Release|x64.Build.0 = Release|Any CPU
		{9EC3779E-507C-4158-BE2C-C284CCD0B650}.Release|x86.ActiveCfg = Release|Any CPU
		{9EC3779E-507C-4158-BE2C-C284CCD0B650}.Release|x86.Build.0 = Release|Any CPU
	EndGlobalSection
	GlobalSection(SolutionProperties) = preSolution
		HideSolutionNode = FALSE
	EndGlobalSection
	GlobalSection(ExtensibilityGlobals) = postSolution
		SolutionGuid = {0AE3CA82-C436-4221-9B6F-4C1F87099625}
	EndGlobalSection
EndGlobal
